<?xml version="1.0" encoding="utf-8"?>
<Project ToolsVersion="4.0" xmlns="http://schemas.microsoft.com/developer/msbuild/2003">
  <ItemGroup>
    <Filter Include="Source Files">
      <UniqueIdentifier>{4FC737F1-C7A5-4376-A066-2A32D752A2FF}</UniqueIdentifier>
      <Extensions>cpp;c;cc;cxx;def;odl;idl;hpj;bat;asm;asmx</Extensions>
    </Filter>
    <Filter Include="Header Files">
      <UniqueIdentifier>{93995380-89BD-4b04-88EB-625FBE52EBFB}</UniqueIdentifier>
      <Extensions>h;hh;hpp;hxx;hm;inl;inc;xsd</Extensions>
    </Filter>
    <Filter Include="Resource Files">
      <UniqueIdentifier>{67DA6AB6-F800-4c08-8B7A-83BB121AAD01}</UniqueIdentifier>
      <Extensions>rc;ico;cur;bmp;dlg;rc2;rct;bin;rgs;gif;jpg;jpeg;jpe;resx;tiff;tif;png;wav</Extensions>
    </Filter>
    <Filter Include="Header Files\Json">
      <UniqueIdentifier>{1fab69b1-ef47-4697-a9dc-a0ca1bfc8c4f}</UniqueIdentifier>
    </Filter>
  </ItemGroup>
  <ItemGroup>
    <ClCompile Include="src\main.cpp">
      <Filter>Source Files</Filter>
    </ClCompile>
    <ClCompile Include="src\Game.cpp">
      <Filter>Source Files</Filter>
    </ClCompile>
    <ClCompile Include="src\TextureManager.cpp">
      <Filter>Source Files</Filter>
    </ClCompile>
    <ClCompile Include="src\Vector2D.cpp">
      <Filter>Source Files</Filter>
    </ClCompile>
    <ClCompile Include="src\PyxelMap.cpp">
      <Filter>Source Files</Filter>
    </ClCompile>
    <ClCompile Include="src\ArrayMap.cpp">
      <Filter>Source Files</Filter>
    </ClCompile>
    <ClCompile Include="src\Player.cpp">
      <Filter>Source Files</Filter>
    </ClCompile>
    <ClCompile Include="src\Enemy.cpp">
      <Filter>Source Files</Filter>
    </ClCompile>
    <ClCompile Include="src\sword\Sword.cpp">
      <Filter>Source Files</Filter>
    </ClCompile>
    <ClCompile Include="src\util\numbers.c">
      <Filter>Source Files</Filter>
    </ClCompile>
    <ClCompile Include="src\util\debugging\notif.c">
      <Filter>Source Files</Filter>
    </ClCompile>
    <ClCompile Include="src\items\Item.cpp">
      <Filter>Source Files</Filter>
    </ClCompile>
    <ClCompile Include="src\items\Weapons\Weapon.cpp">
      <Filter>Source Files</Filter>
    </ClCompile>
    <ClCompile Include="src\input\XBOXController.cpp">
      <Filter>Source Files</Filter>
    </ClCompile>
    <ClCompile Include="src\input\InputManager.cpp">
      <Filter>Source Files</Filter>
    </ClCompile>
    <ClCompile Include="src\input\Keyboard.cpp">
      <Filter>Source Files</Filter>
    </ClCompile>
    <ClCompile Include="src\input\Controller.cpp">
      <Filter>Source Files</Filter>
    </ClCompile>
    <ClCompile Include="src\ui\Form.cpp">
      <Filter>Source Files</Filter>
    </ClCompile>
    <ClCompile Include="src\sound\Sound.cpp">
      <Filter>Source Files</Filter>
    </ClCompile>
    <ClCompile Include="src\SimpleGameObject.cpp">
      <Filter>Source Files</Filter>
    </ClCompile>
    <ClCompile Include="src\GameObject.cpp">
      <Filter>Source Files</Filter>
    </ClCompile>
  </ItemGroup>
  <ItemGroup>
    <ClInclude Include="src\Vector2D.hpp">
      <Filter>Header Files</Filter>
    </ClInclude>
    <ClInclude Include="third_party\rapidjson\allocators.h">
      <Filter>Header Files\Json</Filter>
    </ClInclude>
    <ClInclude Include="third_party\rapidjson\internal\biginteger.h">
      <Filter>Header Files\Json</Filter>
    </ClInclude>
    <ClInclude Include="third_party\rapidjson\cursorstreamwrapper.h">
      <Filter>Header Files\Json</Filter>
    </ClInclude>
    <ClInclude Include="third_party\rapidjson\internal\diyfp.h">
      <Filter>Header Files\Json</Filter>
    </ClInclude>
    <ClInclude Include="third_party\rapidjson\document.h">
      <Filter>Header Files\Json</Filter>
    </ClInclude>
    <ClInclude Include="third_party\rapidjson\internal\dtoa.h">
      <Filter>Header Files\Json</Filter>
    </ClInclude>
    <ClInclude Include="third_party\rapidjson\error\en.h">
      <Filter>Header Files\Json</Filter>
    </ClInclude>
    <ClInclude Include="third_party\rapidjson\encodedstream.h">
      <Filter>Header Files\Json</Filter>
    </ClInclude>
    <ClInclude Include="third_party\rapidjson\encodings.h">
      <Filter>Header Files\Json</Filter>
    </ClInclude>
    <ClInclude Include="third_party\rapidjson\error\error.h">
      <Filter>Header Files\Json</Filter>
    </ClInclude>
    <ClInclude Include="third_party\rapidjson\filereadstream.h">
      <Filter>Header Files\Json</Filter>
    </ClInclude>
    <ClInclude Include="third_party\rapidjson\filewritestream.h">
      <Filter>Header Files\Json</Filter>
    </ClInclude>
    <ClInclude Include="third_party\rapidjson\fwd.h">
      <Filter>Header Files\Json</Filter>
    </ClInclude>
    <ClInclude Include="third_party\rapidjson\internal\ieee754.h">
      <Filter>Header Files\Json</Filter>
    </ClInclude>
    <ClInclude Include="third_party\rapidjson\msinttypes\inttypes.h">
      <Filter>Header Files\Json</Filter>
    </ClInclude>
    <ClInclude Include="third_party\rapidjson\istreamwrapper.h">
      <Filter>Header Files\Json</Filter>
    </ClInclude>
    <ClInclude Include="third_party\rapidjson\internal\itoa.h">
      <Filter>Header Files\Json</Filter>
    </ClInclude>
    <ClInclude Include="third_party\nlohmann\json.hpp">
      <Filter>Header Files\Json</Filter>
    </ClInclude>
    <ClInclude Include="third_party\rapidjson\memorybuffer.h">
      <Filter>Header Files\Json</Filter>
    </ClInclude>
    <ClInclude Include="third_party\rapidjson\memorystream.h">
      <Filter>Header Files\Json</Filter>
    </ClInclude>
    <ClInclude Include="third_party\rapidjson\internal\meta.h">
      <Filter>Header Files\Json</Filter>
    </ClInclude>
    <ClInclude Include="third_party\rapidjson\ostreamwrapper.h">
      <Filter>Header Files\Json</Filter>
    </ClInclude>
    <ClInclude Include="third_party\rapidjson\pointer.h">
      <Filter>Header Files\Json</Filter>
    </ClInclude>
    <ClInclude Include="third_party\rapidjson\internal\pow10.h">
      <Filter>Header Files\Json</Filter>
    </ClInclude>
    <ClInclude Include="third_party\rapidjson\prettywriter.h">
      <Filter>Header Files\Json</Filter>
    </ClInclude>
    <ClInclude Include="third_party\rapidjson\rapidjson.h">
      <Filter>Header Files\Json</Filter>
    </ClInclude>
    <ClInclude Include="third_party\rapidjson\reader.h">
      <Filter>Header Files\Json</Filter>
    </ClInclude>
    <ClInclude Include="third_party\rapidjson\internal\regex.h">
      <Filter>Header Files\Json</Filter>
    </ClInclude>
    <ClInclude Include="third_party\rapidjson\schema.h">
      <Filter>Header Files\Json</Filter>
    </ClInclude>
    <ClInclude Include="third_party\rapidjson\internal\stack.h">
      <Filter>Header Files\Json</Filter>
    </ClInclude>
    <ClInclude Include="third_party\rapidjson\msinttypes\stdint.h">
      <Filter>Header Files\Json</Filter>
    </ClInclude>
    <ClInclude Include="third_party\rapidjson\stream.h">
      <Filter>Header Files\Json</Filter>
    </ClInclude>
    <ClInclude Include="third_party\rapidjson\internal\strfunc.h">
      <Filter>Header Files\Json</Filter>
    </ClInclude>
    <ClInclude Include="third_party\rapidjson\stringbuffer.h">
      <Filter>Header Files\Json</Filter>
    </ClInclude>
    <ClInclude Include="third_party\rapidjson\internal\strtod.h">
      <Filter>Header Files\Json</Filter>
    </ClInclude>
    <ClInclude Include="third_party\rapidjson\internal\swap.h">
      <Filter>Header Files\Json</Filter>
    </ClInclude>
    <ClInclude Include="third_party\rapidjson\writer.h">
      <Filter>Header Files\Json</Filter>
    </ClInclude>
    <ClInclude Include="src\Map.hpp">
      <Filter>Header Files</Filter>
    </ClInclude>
    <ClInclude Include="src\Game.hpp">
      <Filter>Header Files</Filter>
    </ClInclude>
    <ClInclude Include="src\ArrayMap.hpp">
      <Filter>Header Files</Filter>
    </ClInclude>
    <ClInclude Include="src\PyxelMap.hpp">
      <Filter>Header Files</Filter>
    </ClInclude>
    <ClInclude Include="src\TextureManager.hpp">
      <Filter>Header Files</Filter>
    </ClInclude>
    <ClInclude Include="src\Player.hpp">
      <Filter>Header Files</Filter>
    </ClInclude>
    <ClInclude Include="src\Enemy.hpp">
      <Filter>Header Files</Filter>
    </ClInclude>
    <ClInclude Include="src\sword\Sword.hpp">
      <Filter>Header Files</Filter>
    </ClInclude>
    <ClInclude Include="src\util\include.h">
      <Filter>Header Files</Filter>
    </ClInclude>
    <ClInclude Include="src\util\numbers.h">
      <Filter>Header Files</Filter>
    </ClInclude>
    <ClInclude Include="src\util\debugging\notif.h">
      <Filter>Header Files</Filter>
    </ClInclude>
    <ClInclude Include="src\items\Item.hpp">
      <Filter>Header Files</Filter>
    </ClInclude>
    <ClInclude Include="src\items\Weapons\Weapon.hpp">
      <Filter>Header Files</Filter>
    </ClInclude>
    <ClInclude Include="src\input\XBOXController.hpp">
      <Filter>Header Files</Filter>
    </ClInclude>
    <ClInclude Include="src\input\InputManager.hpp">
      <Filter>Header Files</Filter>
    </ClInclude>
    <ClInclude Include="src\input\Keyboard.hpp">
      <Filter>Header Files</Filter>
    </ClInclude>
    <ClInclude Include="src\input\Controller.hpp">
      <Filter>Header Files</Filter>
    </ClInclude>
    <ClInclude Include="src\ui\Form.hpp">
      <Filter>Header Files</Filter>
    </ClInclude>
    <ClInclude Include="src\sword\RapidKnife.hpp">
      <Filter>Header Files</Filter>
    </ClInclude>
    <ClInclude Include="src\sword\HomingKnife.hpp">
      <Filter>Header Files</Filter>
    </ClInclude>
    <ClInclude Include="src\sound\Sound.hpp">
      <Filter>Header Files</Filter>
    </ClInclude>
    <ClInclude Include="src\SimpleGameObject.hpp">
      <Filter>Header Files</Filter>
    </ClInclude>
    <ClInclude Include="src\GameObject.hpp">
      <Filter>Header Files</Filter>
    </ClInclude>
  </ItemGroup>
  <ItemGroup>
    <Image Include="assets\Player.png">
      <Filter>Resource Files</Filter>
    </Image>
    <Image Include="assets\Enemy.png">
      <Filter>Resource Files</Filter>
    </Image>
    <Image Include="assets\lvl1.png">
      <Filter>Resource Files</Filter>
    </Image>
    <Image Include="assets\dirt.png">
      <Filter>Resource Files</Filter>
    </Image>
    <Image Include="assets\grass.png">
      <Filter>Resource Files</Filter>
    </Image>
    <Image Include="assets\Grenade.png">
      <Filter>Resource Files</Filter>
    </Image>
    <Image Include="assets\Homing.png">
      <Filter>Resource Files</Filter>
    </Image>
    <Image Include="assets\stone.png">
      <Filter>Resource Files</Filter>
    </Image>
    <Image Include="assets\stonebg.png">
      <Filter>Resource Files</Filter>
    </Image>
    <Image Include="assets\Sword.png">
      <Filter>Resource Files</Filter>
    </Image>
    <Image Include="assets\water.png">
      <Filter>Resource Files</Filter>
    </Image>
    <Image Include="assets\Wiper.png">
      <Filter>Resource Files</Filter>
    </Image>
  </ItemGroup>
  <ItemGroup>
    <None Include="assets\lvl1.json" />
    <None Include="..\..\Downloads\map.json" />
    <None Include="maps\README.md" />
    <None Include="maps\map.json" />
    <None Include="packages.config" />
    <None Include="assets\sfx\throwknife.ogg" />
  </ItemGroup>
  <ItemGroup>
    <Text Include="AUTHORS" />
  </ItemGroup>
  <ItemGroup>
    <Font Include="assets\arial.ttf" />
  </ItemGroup>
  <ItemGroup>
    <Media Include="assets\tutorialmusic.mp3" />
  </ItemGroup>
</Project>